// !$*UTF8*$!
{
	archiveVersion = 1;
	classes = {
	};
	objectVersion = 50;
	objects = {

/* Begin PBXBuildFile section */
		6F89A339209A616000AD6921 /* AppDelegate.swift in Sources */ = {isa = PBXBuildFile; fileRef = 6F89A338209A616000AD6921 /* AppDelegate.swift */; };
		6F89A33B209A616000AD6921 /* GameScene.sks in Resources */ = {isa = PBXBuildFile; fileRef = 6F89A33A209A616000AD6921 /* GameScene.sks */; };
		6F89A33F209A616000AD6921 /* GameScene.swift in Sources */ = {isa = PBXBuildFile; fileRef = 6F89A33E209A616000AD6921 /* GameScene.swift */; };
		6F89A341209A616000AD6921 /* GameViewController.swift in Sources */ = {isa = PBXBuildFile; fileRef = 6F89A340209A616000AD6921 /* GameViewController.swift */; };
		6F89A344209A616000AD6921 /* Main.storyboard in Resources */ = {isa = PBXBuildFile; fileRef = 6F89A342209A616000AD6921 /* Main.storyboard */; };
		6F89A346209A616100AD6921 /* Assets.xcassets in Resources */ = {isa = PBXBuildFile; fileRef = 6F89A345209A616100AD6921 /* Assets.xcassets */; };
		6F89A349209A616100AD6921 /* LaunchScreen.storyboard in Resources */ = {isa = PBXBuildFile; fileRef = 6F89A347209A616100AD6921 /* LaunchScreen.storyboard */; };
		6F89A351209A619800AD6921 /* README.md in Resources */ = {isa = PBXBuildFile; fileRef = 6F89A350209A619800AD6921 /* README.md */; };
		6F89A36F209A645500AD6921 /* ballGrey.png in Resources */ = {isa = PBXBuildFile; fileRef = 6F89A353209A645500AD6921 /* ballGrey.png */; };
		6F89A370209A645500AD6921 /* FireParticles.sks in Resources */ = {isa = PBXBuildFile; fileRef = 6F89A354209A645500AD6921 /* FireParticles.sks */; };
		6F89A371209A645500AD6921 /* ballBlue@2x.png in Resources */ = {isa = PBXBuildFile; fileRef = 6F89A355209A645500AD6921 /* ballBlue@2x.png */; };
		6F89A372209A645500AD6921 /* slotGlowBad@2x.png in Resources */ = {isa = PBXBuildFile; fileRef = 6F89A356209A645500AD6921 /* slotGlowBad@2x.png */; };
		6F89A373209A645500AD6921 /* ballPurple.png in Resources */ = {isa = PBXBuildFile; fileRef = 6F89A357209A645500AD6921 /* ballPurple.png */; };
		6F89A374209A645500AD6921 /* ballYellow@2x.png in Resources */ = {isa = PBXBuildFile; fileRef = 6F89A358209A645500AD6921 /* ballYellow@2x.png */; };
		6F89A375209A645500AD6921 /* ballRed.png in Resources */ = {isa = PBXBuildFile; fileRef = 6F89A359209A645500AD6921 /* ballRed.png */; };
		6F89A376209A645500AD6921 /* slotBaseGood@2x.png in Resources */ = {isa = PBXBuildFile; fileRef = 6F89A35A209A645500AD6921 /* slotBaseGood@2x.png */; };
		6F89A377209A645500AD6921 /* ballPurple@2x.png in Resources */ = {isa = PBXBuildFile; fileRef = 6F89A35B209A645500AD6921 /* ballPurple@2x.png */; };
		6F89A378209A645500AD6921 /* slotBaseBad.png in Resources */ = {isa = PBXBuildFile; fileRef = 6F89A35C209A645500AD6921 /* slotBaseBad.png */; };
		6F89A379209A645500AD6921 /* slotBaseBad@2x.png in Resources */ = {isa = PBXBuildFile; fileRef = 6F89A35D209A645500AD6921 /* slotBaseBad@2x.png */; };
		6F89A37A209A645500AD6921 /* ballGrey@2x.png in Resources */ = {isa = PBXBuildFile; fileRef = 6F89A35E209A645500AD6921 /* ballGrey@2x.png */; };
		6F89A37B209A645500AD6921 /* spark.png in Resources */ = {isa = PBXBuildFile; fileRef = 6F89A35F209A645500AD6921 /* spark.png */; };
		6F89A37C209A645500AD6921 /* bouncer@2x.png in Resources */ = {isa = PBXBuildFile; fileRef = 6F89A360209A645500AD6921 /* bouncer@2x.png */; };
		6F89A37D209A645500AD6921 /* slotGlowGood.png in Resources */ = {isa = PBXBuildFile; fileRef = 6F89A361209A645500AD6921 /* slotGlowGood.png */; };
		6F89A37E209A645500AD6921 /* slotGlowGood@2x.png in Resources */ = {isa = PBXBuildFile; fileRef = 6F89A362209A645500AD6921 /* slotGlowGood@2x.png */; };
		6F89A37F209A645500AD6921 /* slotBaseGood.png in Resources */ = {isa = PBXBuildFile; fileRef = 6F89A363209A645500AD6921 /* slotBaseGood.png */; };
		6F89A380209A645500AD6921 /* background.jpg in Resources */ = {isa = PBXBuildFile; fileRef = 6F89A364209A645500AD6921 /* background.jpg */; };
		6F89A381209A645500AD6921 /* ballCyan.png in Resources */ = {isa = PBXBuildFile; fileRef = 6F89A365209A645500AD6921 /* ballCyan.png */; };
		6F89A382209A645500AD6921 /* ballRed@2x.png in Resources */ = {isa = PBXBuildFile; fileRef = 6F89A366209A645500AD6921 /* ballRed@2x.png */; };
		6F89A383209A645500AD6921 /* slotGlowBad.png in Resources */ = {isa = PBXBuildFile; fileRef = 6F89A367209A645500AD6921 /* slotGlowBad.png */; };
		6F89A384209A645500AD6921 /* ballCyan@2x.png in Resources */ = {isa = PBXBuildFile; fileRef = 6F89A368209A645500AD6921 /* ballCyan@2x.png */; };
		6F89A385209A645500AD6921 /* ballYellow.png in Resources */ = {isa = PBXBuildFile; fileRef = 6F89A369209A645500AD6921 /* ballYellow.png */; };
		6F89A386209A645500AD6921 /* background@2x.jpg in Resources */ = {isa = PBXBuildFile; fileRef = 6F89A36A209A645500AD6921 /* background@2x.jpg */; };
		6F89A387209A645500AD6921 /* ballGreen@2x.png in Resources */ = {isa = PBXBuildFile; fileRef = 6F89A36B209A645500AD6921 /* ballGreen@2x.png */; };
		6F89A388209A645500AD6921 /* ballGreen.png in Resources */ = {isa = PBXBuildFile; fileRef = 6F89A36C209A645500AD6921 /* ballGreen.png */; };
		6F89A389209A645500AD6921 /* bouncer.png in Resources */ = {isa = PBXBuildFile; fileRef = 6F89A36D209A645500AD6921 /* bouncer.png */; };
		6F89A38A209A645500AD6921 /* ballBlue.png in Resources */ = {isa = PBXBuildFile; fileRef = 6F89A36E209A645500AD6921 /* ballBlue.png */; };
/* End PBXBuildFile section */

/* Begin PBXFileReference section */
		6F89A335209A616000AD6921 /* Pachinko.app */ = {isa = PBXFileReference; explicitFileType = wrapper.application; includeInIndex = 0; path = Pachinko.app; sourceTree = BUILT_PRODUCTS_DIR; };
		6F89A338209A616000AD6921 /* AppDelegate.swift */ = {isa = PBXFileReference; lastKnownFileType = sourcecode.swift; path = AppDelegate.swift; sourceTree = "<group>"; };
		6F89A33A209A616000AD6921 /* GameScene.sks */ = {isa = PBXFileReference; lastKnownFileType = file.sks; path = GameScene.sks; sourceTree = "<group>"; };
		6F89A33E209A616000AD6921 /* GameScene.swift */ = {isa = PBXFileReference; lastKnownFileType = sourcecode.swift; path = GameScene.swift; sourceTree = "<group>"; };
		6F89A340209A616000AD6921 /* GameViewController.swift */ = {isa = PBXFileReference; lastKnownFileType = sourcecode.swift; path = GameViewController.swift; sourceTree = "<group>"; };
		6F89A343209A616000AD6921 /* Base */ = {isa = PBXFileReference; lastKnownFileType = file.storyboard; name = Base; path = Base.lproj/Main.storyboard; sourceTree = "<group>"; };
		6F89A345209A616100AD6921 /* Assets.xcassets */ = {isa = PBXFileReference; lastKnownFileType = folder.assetcatalog; path = Assets.xcassets; sourceTree = "<group>"; };
		6F89A348209A616100AD6921 /* Base */ = {isa = PBXFileReference; lastKnownFileType = file.storyboard; name = Base; path = Base.lproj/LaunchScreen.storyboard; sourceTree = "<group>"; };
		6F89A34A209A616100AD6921 /* Info.plist */ = {isa = PBXFileReference; lastKnownFileType = text.plist.xml; path = Info.plist; sourceTree = "<group>"; };
		6F89A350209A619800AD6921 /* README.md */ = {isa = PBXFileReference; fileEncoding = 4; lastKnownFileType = net.daringfireball.markdown; path = README.md; sourceTree = "<group>"; };
		6F89A353209A645500AD6921 /* ballGrey.png */ = {isa = PBXFileReference; lastKnownFileType = image.png; path = ballGrey.png; sourceTree = "<group>"; };
		6F89A354209A645500AD6921 /* FireParticles.sks */ = {isa = PBXFileReference; lastKnownFileType = file.sks; path = FireParticles.sks; sourceTree = "<group>"; };
		6F89A355209A645500AD6921 /* ballBlue@2x.png */ = {isa = PBXFileReference; lastKnownFileType = image.png; path = "ballBlue@2x.png"; sourceTree = "<group>"; };
		6F89A356209A645500AD6921 /* slotGlowBad@2x.png */ = {isa = PBXFileReference; lastKnownFileType = image.png; path = "slotGlowBad@2x.png"; sourceTree = "<group>"; };
		6F89A357209A645500AD6921 /* ballPurple.png */ = {isa = PBXFileReference; lastKnownFileType = image.png; path = ballPurple.png; sourceTree = "<group>"; };
		6F89A358209A645500AD6921 /* ballYellow@2x.png */ = {isa = PBXFileReference; lastKnownFileType = image.png; path = "ballYellow@2x.png"; sourceTree = "<group>"; };
		6F89A359209A645500AD6921 /* ballRed.png */ = {isa = PBXFileReference; lastKnownFileType = image.png; path = ballRed.png; sourceTree = "<group>"; };
		6F89A35A209A645500AD6921 /* slotBaseGood@2x.png */ = {isa = PBXFileReference; lastKnownFileType = image.png; path = "slotBaseGood@2x.png"; sourceTree = "<group>"; };
		6F89A35B209A645500AD6921 /* ballPurple@2x.png */ = {isa = PBXFileReference; lastKnownFileType = image.png; path = "ballPurple@2x.png"; sourceTree = "<group>"; };
		6F89A35C209A645500AD6921 /* slotBaseBad.png */ = {isa = PBXFileReference; lastKnownFileType = image.png; path = slotBaseBad.png; sourceTree = "<group>"; };
		6F89A35D209A645500AD6921 /* slotBaseBad@2x.png */ = {isa = PBXFileReference; lastKnownFileType = image.png; path = "slotBaseBad@2x.png"; sourceTree = "<group>"; };
		6F89A35E209A645500AD6921 /* ballGrey@2x.png */ = {isa = PBXFileReference; lastKnownFileType = image.png; path = "ballGrey@2x.png"; sourceTree = "<group>"; };
		6F89A35F209A645500AD6921 /* spark.png */ = {isa = PBXFileReference; lastKnownFileType = image.png; path = spark.png; sourceTree = "<group>"; };
		6F89A360209A645500AD6921 /* bouncer@2x.png */ = {isa = PBXFileReference; lastKnownFileType = image.png; path = "bouncer@2x.png"; sourceTree = "<group>"; };
		6F89A361209A645500AD6921 /* slotGlowGood.png */ = {isa = PBXFileReference; lastKnownFileType = image.png; path = slotGlowGood.png; sourceTree = "<group>"; };
		6F89A362209A645500AD6921 /* slotGlowGood@2x.png */ = {isa = PBXFileReference; lastKnownFileType = image.png; path = "slotGlowGood@2x.png"; sourceTree = "<group>"; };
		6F89A363209A645500AD6921 /* slotBaseGood.png */ = {isa = PBXFileReference; lastKnownFileType = image.png; path = slotBaseGood.png; sourceTree = "<group>"; };
		6F89A364209A645500AD6921 /* background.jpg */ = {isa = PBXFileReference; lastKnownFileType = image.jpeg; path = background.jpg; sourceTree = "<group>"; };
		6F89A365209A645500AD6921 /* ballCyan.png */ = {isa = PBXFileReference; lastKnownFileType = image.png; path = ballCyan.png; sourceTree = "<group>"; };
		6F89A366209A645500AD6921 /* ballRed@2x.png */ = {isa = PBXFileReference; lastKnownFileType = image.png; path = "ballRed@2x.png"; sourceTree = "<group>"; };
		6F89A367209A645500AD6921 /* slotGlowBad.png */ = {isa = PBXFileReference; lastKnownFileType = image.png; path = slotGlowBad.png; sourceTree = "<group>"; };
		6F89A368209A645500AD6921 /* ballCyan@2x.png */ = {isa = PBXFileReference; lastKnownFileType = image.png; path = "ballCyan@2x.png"; sourceTree = "<group>"; };
		6F89A369209A645500AD6921 /* ballYellow.png */ = {isa = PBXFileReference; lastKnownFileType = image.png; path = ballYellow.png; sourceTree = "<group>"; };
		6F89A36A209A645500AD6921 /* background@2x.jpg */ = {isa = PBXFileReference; lastKnownFileType = image.jpeg; path = "background@2x.jpg"; sourceTree = "<group>"; };
		6F89A36B209A645500AD6921 /* ballGreen@2x.png */ = {isa = PBXFileReference; lastKnownFileType = image.png; path = "ballGreen@2x.png"; sourceTree = "<group>"; };
		6F89A36C209A645500AD6921 /* ballGreen.png */ = {isa = PBXFileReference; lastKnownFileType = image.png; path = ballGreen.png; sourceTree = "<group>"; };
		6F89A36D209A645500AD6921 /* bouncer.png */ = {isa = PBXFileReference; lastKnownFileType = image.png; path = bouncer.png; sourceTree = "<group>"; };
		6F89A36E209A645500AD6921 /* ballBlue.png */ = {isa = PBXFileReference; lastKnownFileType = image.png; path = ballBlue.png; sourceTree = "<group>"; };
/* End PBXFileReference section */

/* Begin PBXFrameworksBuildPhase section */
		6F89A332209A616000AD6921 /* Frameworks */ = {
			isa = PBXFrameworksBuildPhase;
			buildActionMask = 2147483647;
			files = (
			);
			runOnlyForDeploymentPostprocessing = 0;
		};
/* End PBXFrameworksBuildPhase section */

/* Begin PBXGroup section */
		6F89A32C209A616000AD6921 = {
			isa = PBXGroup;
			children = (
				6F89A350209A619800AD6921 /* README.md */,
				6F89A337209A616000AD6921 /* Pachinko */,
				6F89A336209A616000AD6921 /* Products */,
			);
			sourceTree = "<group>";
		};
		6F89A336209A616000AD6921 /* Products */ = {
			isa = PBXGroup;
			children = (
				6F89A335209A616000AD6921 /* Pachinko.app */,
			);
			name = Products;
			sourceTree = "<group>";
		};
		6F89A337209A616000AD6921 /* Pachinko */ = {
			isa = PBXGroup;
			children = (
				6F89A338209A616000AD6921 /* AppDelegate.swift */,
				6F89A33A209A616000AD6921 /* GameScene.sks */,
				6F89A33E209A616000AD6921 /* GameScene.swift */,
				6F89A340209A616000AD6921 /* GameViewController.swift */,
				6F89A342209A616000AD6921 /* Main.storyboard */,
				6F89A345209A616100AD6921 /* Assets.xcassets */,
				6F89A352209A645500AD6921 /* Content */,
				6F89A347209A616100AD6921 /* LaunchScreen.storyboard */,
				6F89A34A209A616100AD6921 /* Info.plist */,
			);
			path = Pachinko;
			sourceTree = "<group>";
		};
		6F89A352209A645500AD6921 /* Content */ = {
			isa = PBXGroup;
			children = (
				6F89A353209A645500AD6921 /* ballGrey.png */,
				6F89A354209A645500AD6921 /* FireParticles.sks */,
				6F89A355209A645500AD6921 /* ballBlue@2x.png */,
				6F89A356209A645500AD6921 /* slotGlowBad@2x.png */,
				6F89A357209A645500AD6921 /* ballPurple.png */,
				6F89A358209A645500AD6921 /* ballYellow@2x.png */,
				6F89A359209A645500AD6921 /* ballRed.png */,
				6F89A35A209A645500AD6921 /* slotBaseGood@2x.png */,
				6F89A35B209A645500AD6921 /* ballPurple@2x.png */,
				6F89A35C209A645500AD6921 /* slotBaseBad.png */,
				6F89A35D209A645500AD6921 /* slotBaseBad@2x.png */,
				6F89A35E209A645500AD6921 /* ballGrey@2x.png */,
				6F89A35F209A645500AD6921 /* spark.png */,
				6F89A360209A645500AD6921 /* bouncer@2x.png */,
				6F89A361209A645500AD6921 /* slotGlowGood.png */,
				6F89A362209A645500AD6921 /* slotGlowGood@2x.png */,
				6F89A363209A645500AD6921 /* slotBaseGood.png */,
				6F89A364209A645500AD6921 /* background.jpg */,
				6F89A365209A645500AD6921 /* ballCyan.png */,
				6F89A366209A645500AD6921 /* ballRed@2x.png */,
				6F89A367209A645500AD6921 /* slotGlowBad.png */,
				6F89A368209A645500AD6921 /* ballCyan@2x.png */,
				6F89A369209A645500AD6921 /* ballYellow.png */,
				6F89A36A209A645500AD6921 /* background@2x.jpg */,
				6F89A36B209A645500AD6921 /* ballGreen@2x.png */,
				6F89A36C209A645500AD6921 /* ballGreen.png */,
				6F89A36D209A645500AD6921 /* bouncer.png */,
				6F89A36E209A645500AD6921 /* ballBlue.png */,
			);
			path = Content;
			sourceTree = "<group>";
		};
/* End PBXGroup section */

/* Begin PBXNativeTarget section */
		6F89A334209A616000AD6921 /* Pachinko */ = {
			isa = PBXNativeTarget;
			buildConfigurationList = 6F89A34D209A616100AD6921 /* Build configuration list for PBXNativeTarget "Pachinko" */;
			buildPhases = (
				6F89A331209A616000AD6921 /* Sources */,
				6F89A332209A616000AD6921 /* Frameworks */,
				6F89A333209A616000AD6921 /* Resources */,
			);
			buildRules = (
			);
			dependencies = (
			);
			name = Pachinko;
			productName = Pachinko;
			productReference = 6F89A335209A616000AD6921 /* Pachinko.app */;
			productType = "com.apple.product-type.application";
		};
/* End PBXNativeTarget section */

/* Begin PBXProject section */
		6F89A32D209A616000AD6921 /* Project object */ = {
			isa = PBXProject;
			attributes = {
				LastSwiftUpdateCheck = 0930;
				LastUpgradeCheck = 0930;
				ORGANIZATIONNAME = "Forrest Parker";
				TargetAttributes = {
					6F89A334209A616000AD6921 = {
						CreatedOnToolsVersion = 9.3;
					};
				};
			};
			buildConfigurationList = 6F89A330209A616000AD6921 /* Build configuration list for PBXProject "Pachinko" */;
			compatibilityVersion = "Xcode 9.3";
			developmentRegion = en;
			hasScannedForEncodings = 0;
			knownRegions = (
				en,
				Base,
			);
			mainGroup = 6F89A32C209A616000AD6921;
			productRefGroup = 6F89A336209A616000AD6921 /* Products */;
			projectDirPath = "";
			projectRoot = "";
			targets = (
				6F89A334209A616000AD6921 /* Pachinko */,
			);
		};
/* End PBXProject section */

/* Begin PBXResourcesBuildPhase section */
		6F89A333209A616000AD6921 /* Resources */ = {
			isa = PBXResourcesBuildPhase;
			buildActionMask = 2147483647;
			files = (
				6F89A351209A619800AD6921 /* README.md in Resources */,
				6F89A38A209A645500AD6921 /* ballBlue.png in Resources */,
				6F89A37B209A645500AD6921 /* spark.png in Resources */,
				6F89A377209A645500AD6921 /* ballPurple@2x.png in Resources */,
				6F89A387209A645500AD6921 /* ballGreen@2x.png in Resources */,
				6F89A344209A616000AD6921 /* Main.storyboard in Resources */,
				6F89A37A209A645500AD6921 /* ballGrey@2x.png in Resources */,
				6F89A37F209A645500AD6921 /* slotBaseGood.png in Resources */,
				6F89A388209A645500AD6921 /* ballGreen.png in Resources */,
				6F89A379209A645500AD6921 /* slotBaseBad@2x.png in Resources */,
				6F89A33B209A616000AD6921 /* GameScene.sks in Resources */,
				6F89A383209A645500AD6921 /* slotGlowBad.png in Resources */,
				6F89A37D209A645500AD6921 /* slotGlowGood.png in Resources */,
				6F89A389209A645500AD6921 /* bouncer.png in Resources */,
				6F89A376209A645500AD6921 /* slotBaseGood@2x.png in Resources */,
				6F89A384209A645500AD6921 /* ballCyan@2x.png in Resources */,
				6F89A386209A645500AD6921 /* background@2x.jpg in Resources */,
				6F89A385209A645500AD6921 /* ballYellow.png in Resources */,
				6F89A372209A645500AD6921 /* slotGlowBad@2x.png in Resources */,
				6F89A378209A645500AD6921 /* slotBaseBad.png in Resources */,
				6F89A382209A645500AD6921 /* ballRed@2x.png in Resources */,
				6F89A380209A645500AD6921 /* background.jpg in Resources */,
				6F89A375209A645500AD6921 /* ballRed.png in Resources */,
				6F89A346209A616100AD6921 /* Assets.xcassets in Resources */,
				6F89A349209A616100AD6921 /* LaunchScreen.storyboard in Resources */,
				6F89A36F209A645500AD6921 /* ballGrey.png in Resources */,
				6F89A370209A645500AD6921 /* FireParticles.sks in Resources */,
				6F89A374209A645500AD6921 /* ballYellow@2x.png in Resources */,
				6F89A37E209A645500AD6921 /* slotGlowGood@2x.png in Resources */,
				6F89A373209A645500AD6921 /* ballPurple.png in Resources */,
				6F89A381209A645500AD6921 /* ballCyan.png in Resources */,
				6F89A371209A645500AD6921 /* ballBlue@2x.png in Resources */,
				6F89A37C209A645500AD6921 /* bouncer@2x.png in Resources */,
			);
			runOnlyForDeploymentPostprocessing = 0;
		};
/* End PBXResourcesBuildPhase section */

/* Begin PBXSourcesBuildPhase section */
		6F89A331209A616000AD6921 /* Sources */ = {
			isa = PBXSourcesBuildPhase;
			buildActionMask = 2147483647;
			files = (
				6F89A33F209A616000AD6921 /* GameScene.swift in Sources */,
				6F89A341209A616000AD6921 /* GameViewController.swift in Sources */,
				6F89A339209A616000AD6921 /* AppDelegate.swift in Sources */,
			);
			runOnlyForDeploymentPostprocessing = 0;
		};
/* End PBXSourcesBuildPhase section */

/* Begin PBXVariantGroup section */
		6F89A342209A616000AD6921 /* Main.storyboard */ = {
			isa = PBXVariantGroup;
			children = (
				6F89A343209A616000AD6921 /* Base */,
			);
			name = Main.storyboard;
			sourceTree = "<group>";
		};
		6F89A347209A616100AD6921 /* LaunchScreen.storyboard */ = {
			isa = PBXVariantGroup;
			children = (
				6F89A348209A616100AD6921 /* Base */,
			);
			name = LaunchScreen.storyboard;
			sourceTree = "<group>";
		};
/* End PBXVariantGroup section */

/* Begin XCBuildConfiguration section */
		6F89A34B209A616100AD6921 /* Debug */ = {
			isa = XCBuildConfiguration;
			buildSettings = {
				ALWAYS_SEARCH_USER_PATHS = NO;
				CLANG_ANALYZER_NONNULL = YES;
				CLANG_ANALYZER_NUMBER_OBJECT_CONVERSION = YES_AGGRESSIVE;
				CLANG_CXX_LANGUAGE_STANDARD = "gnu++14";
				CLANG_CXX_LIBRARY = "libc++";
				CLANG_ENABLE_MODULES = YES;
				CLANG_ENABLE_OBJC_ARC = YES;
				CLANG_ENABLE_OBJC_WEAK = YES;
				CLANG_WARN_BLOCK_CAPTURE_AUTORELEASING = YES;
				CLANG_WARN_BOOL_CONVERSION = YES;
				CLANG_WARN_COMMA = YES;
				CLANG_WARN_CONSTANT_CONVERSION = YES;
				CLANG_WARN_DEPRECATED_OBJC_IMPLEMENTATIONS = YES;
				CLANG_WARN_DIRECT_OBJC_ISA_USAGE = YES_ERROR;
				CLANG_WARN_DOCUMENTATION_COMMENTS = YES;
				CLANG_WARN_EMPTY_BODY = YES;
				CLANG_WARN_ENUM_CONVERSION = YES;
				CLANG_WARN_INFINITE_RECURSION = YES;
				CLANG_WARN_INT_CONVERSION = YES;
				CLANG_WARN_NON_LITERAL_NULL_CONVERSION = YES;
				CLANG_WARN_OBJC_IMPLICIT_RETAIN_SELF = YES;
				CLANG_WARN_OBJC_LITERAL_CONVERSION = YES;
				CLANG_WARN_OBJC_ROOT_CLASS = YES_ERROR;
				CLANG_WARN_RANGE_LOOP_ANALYSIS = YES;
				CLANG_WARN_STRICT_PROTOTYPES = YES;
				CLANG_WARN_SUSPICIOUS_MOVE = YES;
				CLANG_WARN_UNGUARDED_AVAILABILITY = YES_AGGRESSIVE;
				CLANG_WARN_UNREACHABLE_CODE = YES;
				CLANG_WARN__DUPLICATE_METHOD_MATCH = YES;
				CODE_SIGN_IDENTITY = "iPhone Developer";
				COPY_PHASE_STRIP = NO;
				DEBUG_INFORMATION_FORMAT = dwarf;
				ENABLE_STRICT_OBJC_MSGSEND = YES;
				ENABLE_TESTABILITY = YES;
				GCC_C_LANGUAGE_STANDARD = gnu11;
				GCC_DYNAMIC_NO_PIC = NO;
				GCC_NO_COMMON_BLOCKS = YES;
				GCC_OPTIMIZATION_LEVEL = 0;
				GCC_PREPROCESSOR_DEFINITIONS = (
					"DEBUG=1",
					"$(inherited)",
				);
				GCC_WARN_64_TO_32_BIT_CONVERSION = YES;
				GCC_WARN_ABOUT_RETURN_TYPE = YES_ERROR;
				GCC_WARN_UNDECLARED_SELECTOR = YES;
				GCC_WARN_UNINITIALIZED_AUTOS = YES_AGGRESSIVE;
				GCC_WARN_UNUSED_FUNCTION = YES;
				GCC_WARN_UNUSED_VARIABLE = YES;
				IPHONEOS_DEPLOYMENT_TARGET = 11.3;
				MTL_ENABLE_DEBUG_INFO = YES;
				ONLY_ACTIVE_ARCH = YES;
				SDKROOT = iphoneos;
				SWIFT_ACTIVE_COMPILATION_CONDITIONS = DEBUG;
				SWIFT_OPTIMIZATION_LEVEL = "-Onone";
			};
			name = Debug;
		};
		6F89A34C209A616100AD6921 /* Release */ = {
			isa = XCBuildConfiguration;
			buildSettings = {
				ALWAYS_SEARCH_USER_PATHS = NO;
				CLANG_ANALYZER_NONNULL = YES;
				CLANG_ANALYZER_NUMBER_OBJECT_CONVERSION = YES_AGGRESSIVE;
				CLANG_CXX_LANGUAGE_STANDARD = "gnu++14";
				CLANG_CXX_LIBRARY = "libc++";
				CLANG_ENABLE_MODULES = YES;
				CLANG_ENABLE_OBJC_ARC = YES;
				CLANG_ENABLE_OBJC_WEAK = YES;
				CLANG_WARN_BLOCK_CAPTURE_AUTORELEASING = YES;
				CLANG_WARN_BOOL_CONVERSION = YES;
				CLANG_WARN_COMMA = YES;
				CLANG_WARN_CONSTANT_CONVERSION = YES;
				CLANG_WARN_DEPRECATED_OBJC_IMPLEMENTATIONS = YES;
				CLANG_WARN_DIRECT_OBJC_ISA_USAGE = YES_ERROR;
				CLANG_WARN_DOCUMENTATION_COMMENTS = YES;
				CLANG_WARN_EMPTY_BODY = YES;
				CLANG_WARN_ENUM_CONVERSION = YES;
				CLANG_WARN_INFINITE_RECURSION = YES;
				CLANG_WARN_INT_CONVERSION = YES;
				CLANG_WARN_NON_LITERAL_NULL_CONVERSION = YES;
				CLANG_WARN_OBJC_IMPLICIT_RETAIN_SELF = YES;
				CLANG_WARN_OBJC_LITERAL_CONVERSION = YES;
				CLANG_WARN_OBJC_ROOT_CLASS = YES_ERROR;
				CLANG_WARN_RANGE_LOOP_ANALYSIS = YES;
				CLANG_WARN_STRICT_PROTOTYPES = YES;
				CLANG_WARN_SUSPICIOUS_MOVE = YES;
				CLANG_WARN_UNGUARDED_AVAILABILITY = YES_AGGRESSIVE;
				CLANG_WARN_UNREACHABLE_CODE = YES;
				CLANG_WARN__DUPLICATE_METHOD_MATCH = YES;
				CODE_SIGN_IDENTITY = "iPhone Developer";
				COPY_PHASE_STRIP = NO;
				DEBUG_INFORMATION_FORMAT = "dwarf-with-dsym";
				ENABLE_NS_ASSERTIONS = NO;
				ENABLE_STRICT_OBJC_MSGSEND = YES;
				GCC_C_LANGUAGE_STANDARD = gnu11;
				GCC_NO_COMMON_BLOCKS = YES;
				GCC_WARN_64_TO_32_BIT_CONVERSION = YES;
				GCC_WARN_ABOUT_RETURN_TYPE = YES_ERROR;
				GCC_WARN_UNDECLARED_SELECTOR = YES;
				GCC_WARN_UNINITIALIZED_AUTOS = YES_AGGRESSIVE;
				GCC_WARN_UNUSED_FUNCTION = YES;
				GCC_WARN_UNUSED_VARIABLE = YES;
				IPHONEOS_DEPLOYMENT_TARGET = 11.3;
				MTL_ENABLE_DEBUG_INFO = NO;
				SDKROOT = iphoneos;
				SWIFT_COMPILATION_MODE = wholemodule;
				SWIFT_OPTIMIZATION_LEVEL = "-O";
				VALIDATE_PRODUCT = YES;
			};
			name = Release;
		};
		6F89A34E209A616100AD6921 /* Debug */ = {
			isa = XCBuildConfiguration;
			buildSettings = {
				ASSETCATALOG_COMPILER_APPICON_NAME = AppIcon;
				CODE_SIGN_STYLE = Automatic;
				DEVELOPMENT_TEAM = 9JK6DF95Y7;
				INFOPLIST_FILE = Pachinko/Info.plist;
				LD_RUNPATH_SEARCH_PATHS = (
					"$(inherited)",
					"@executable_path/Frameworks",
				);
				PRODUCT_BUNDLE_IDENTIFIER = com.forrestwparker.Pachinko;
				PRODUCT_NAME = "$(TARGET_NAME)";
				SWIFT_VERSION = 4.0;
				TARGETED_DEVICE_FAMILY = 2;
			};
			name = Debug;
		};
		6F89A34F209A616100AD6921 /* Release */ = {
			isa = XCBuildConfiguration;
			buildSettings = {
				ASSETCATALOG_COMPILER_APPICON_NAME = AppIcon;
				CODE_SIGN_STYLE = Automatic;
				DEVELOPMENT_TEAM = 9JK6DF95Y7;
				INFOPLIST_FILE = Pachinko/Info.plist;
				LD_RUNPATH_SEARCH_PATHS = (
					"$(inherited)",
					"@executable_path/Frameworks",
				);
				PRODUCT_BUNDLE_IDENTIFIER = com.forrestwparker.Pachinko;
				PRODUCT_NAME = "$(TARGET_NAME)";
				SWIFT_VERSION = 4.0;
				TARGETED_DEVICE_FAMILY = 2;
			};
			name = Release;
		};
/* End XCBuildConfiguration section */

/* Begin XCConfigurationList section */
		6F89A330209A616000AD6921 /* Build configuration list for PBXProject "Pachinko" */ = {
			isa = XCConfigurationList;
			buildConfigurations = (
				6F89A34B209A616100AD6921 /* Debug */,
				6F89A34C209A616100AD6921 /* Release */,
			);
			defaultConfigurationIsVisible = 0;
			defaultConfigurationName = Release;
		};
		6F89A34D209A616100AD6921 /* Build configuration list for PBXNativeTarget "Pachinko" */ = {
			isa = XCConfigurationList;
			buildConfigurations = (
				6F89A34E209A616100AD6921 /* Debug */,
				6F89A34F209A616100AD6921 /* Release */,
			);
			defaultConfigurationIsVisible = 0;
			defaultConfigurationName = Release;
		};
/* End XCConfigurationList section */
	};
	rootObject = 6F89A32D209A616000AD6921 /* Project object */;
}
